
Microsoft Visual Studio Solution File, Format Version 12.00
Project("{FAE04EC0-301F-11D3-BF4B-00C04F79EFBC}") = "Acme.OOProgramming", "Acme.OOProgramming\Acme.OOProgramming.csproj", "{BAE4E83B-5235-4628-BC40-292C0F952571}"
EndProject
Global
	GlobalSection(SolutionConfigurationPlatforms) = preSolution
		Debug|Any CPU = Debug|Any CPU
		Release|Any CPU = Release|Any CPU
	EndGlobalSection
	GlobalSection(ProjectConfigurationPlatforms) = postSolution
		{BAE4E83B-5235-4628-BC40-292C0F952571}.Debug|Any CPU.ActiveCfg = Debug|Any CPU
		{BAE4E83B-5235-4628-BC40-292C0F952571}.Debug|Any CPU.Build.0 = Debug|Any CPU
		{BAE4E83B-5235-4628-BC40-292C0F952571}.Release|Any CPU.ActiveCfg = Release|Any CPU
		{BAE4E83B-5235-4628-BC40-292C0F952571}.Release|Any CPU.Build.0 = Release|Any CPU
	EndGlobalSection
EndGlobal
